
Microsoft Visual Studio Solution File, Format Version 12.00
# Visual Studio Version 17
VisualStudioVersion = 17.4.33403.182
MinimumVisualStudioVersion = 10.0.40219.1
Project("{2150E333-8FDC-42A3-9474-1A3956D46DE8}") = "Services", "Services", "{08AD15E0-9FDA-451F-BF47-F2B578FF86B8}"
EndProject
Project("{2150E333-8FDC-42A3-9474-1A3956D46DE8}") = "Catalog", "Catalog", "{D11137C2-DDF3-4479-AB11-E316AAF7BDE8}"
EndProject
Project("{9A19103F-16F7-4668-BE54-9A1E7A4F7556}") = "Catalog.API", "Services\Catalog\Catalog.API\Catalog.API.csproj", "{386E6BC2-84D0-45B4-9036-6AB2485B9919}"
EndProject
Project("{E53339B2-1760-4266-BCC7-CA923CBCF16C}") = "docker-compose", "docker-compose.dcproj", "{B9BE849C-F1D9-45D2-88AD-ADE879D1C48E}"
EndProject
Project("{2150E333-8FDC-42A3-9474-1A3956D46DE8}") = "Basket", "Basket", "{60CB2FB4-BA74-4C4F-BAC7-A40ACBF44C38}"
EndProject
Project("{9A19103F-16F7-4668-BE54-9A1E7A4F7556}") = "Basket.API", "Services\Basket\Basket.API\Basket.API.csproj", "{29DCDDBF-2280-4C1F-8775-CE24A9B32948}"
EndProject
Project("{2150E333-8FDC-42A3-9474-1A3956D46DE8}") = "Discount", "Discount", "{2E3EFA53-3B58-4F25-8EDF-AF0231916272}"
EndProject
Project("{9A19103F-16F7-4668-BE54-9A1E7A4F7556}") = "Discount.API", "Services\Discount\Discount.API\Discount.API.csproj", "{5AF1900A-259F-40E8-82A8-64BA224CE402}"
EndProject
Project("{9A19103F-16F7-4668-BE54-9A1E7A4F7556}") = "Discount.Grpc", "Services\Discount\Discount.Grpc\Discount.Grpc.csproj", "{04379D9E-F94C-478B-991D-04C632CAF894}"
EndProject
Project("{2150E333-8FDC-42A3-9474-1A3956D46DE8}") = "Ordering", "Ordering", "{CB1B30C2-9A89-447F-965D-9E86F7DEB8F7}"
EndProject
Project("{9A19103F-16F7-4668-BE54-9A1E7A4F7556}") = "Ordering.API", "Services\Ordering\Ordering.API\Ordering.API.csproj", "{63A12F23-53DC-42FA-960E-4D830F51777F}"
EndProject
Project("{9A19103F-16F7-4668-BE54-9A1E7A4F7556}") = "Ordering.Domain", "Services\Ordering\Ordering.Domain\Ordering.Domain.csproj", "{01DFC1D4-F6F0-411C-BA72-F1E3D7B2361F}"
EndProject
Project("{9A19103F-16F7-4668-BE54-9A1E7A4F7556}") = "Ordering.Application", "Services\Ordering\Ordering.Application\Ordering.Application.csproj", "{34EB9A29-F323-4CBF-9825-F8531F65124E}"
EndProject
Project("{9A19103F-16F7-4668-BE54-9A1E7A4F7556}") = "Ordering.Infrastructure", "Services\Ordering\Ordering.Infrastructure\Ordering.Infrastructure.csproj", "{7FAC761A-4A36-459F-A10A-70A333583683}"
EndProject
Project("{2150E333-8FDC-42A3-9474-1A3956D46DE8}") = "Common", "Common", "{BE95D24B-46A3-4CF5-BC7F-1EFC1A75DFA5}"
EndProject
Project("{FAE04EC0-301F-11D3-BF4B-00C04F79EFBC}") = "EventBus.Messages", "Common\EventBus.Messages\EventBus.Messages.csproj", "{6DE8FF20-A57F-488D-9EF9-09C1EF19DF7D}"
EndProject
Global
	GlobalSection(SolutionConfigurationPlatforms) = preSolution
		Debug|Any CPU = Debug|Any CPU
		Release|Any CPU = Release|Any CPU
	EndGlobalSection
	GlobalSection(ProjectConfigurationPlatforms) = postSolution
		{386E6BC2-84D0-45B4-9036-6AB2485B9919}.Debug|Any CPU.ActiveCfg = Debug|Any CPU
		{386E6BC2-84D0-45B4-9036-6AB2485B9919}.Debug|Any CPU.Build.0 = Debug|Any CPU
		{386E6BC2-84D0-45B4-9036-6AB2485B9919}.Release|Any CPU.ActiveCfg = Release|Any CPU
		{386E6BC2-84D0-45B4-9036-6AB2485B9919}.Release|Any CPU.Build.0 = Release|Any CPU
		{B9BE849C-F1D9-45D2-88AD-ADE879D1C48E}.Debug|Any CPU.ActiveCfg = Debug|Any CPU
		{B9BE849C-F1D9-45D2-88AD-ADE879D1C48E}.Debug|Any CPU.Build.0 = Debug|Any CPU
		{B9BE849C-F1D9-45D2-88AD-ADE879D1C48E}.Release|Any CPU.ActiveCfg = Release|Any CPU
		{B9BE849C-F1D9-45D2-88AD-ADE879D1C48E}.Release|Any CPU.Build.0 = Release|Any CPU
		{29DCDDBF-2280-4C1F-8775-CE24A9B32948}.Debug|Any CPU.ActiveCfg = Debug|Any CPU
		{29DCDDBF-2280-4C1F-8775-CE24A9B32948}.Debug|Any CPU.Build.0 = Debug|Any CPU
		{29DCDDBF-2280-4C1F-8775-CE24A9B32948}.Release|Any CPU.ActiveCfg = Release|Any CPU
		{29DCDDBF-2280-4C1F-8775-CE24A9B32948}.Release|Any CPU.Build.0 = Release|Any CPU
		{5AF1900A-259F-40E8-82A8-64BA224CE402}.Debug|Any CPU.ActiveCfg = Debug|Any CPU
		{5AF1900A-259F-40E8-82A8-64BA224CE402}.Debug|Any CPU.Build.0 = Debug|Any CPU
		{5AF1900A-259F-40E8-82A8-64BA224CE402}.Release|Any CPU.ActiveCfg = Release|Any CPU
		{5AF1900A-259F-40E8-82A8-64BA224CE402}.Release|Any CPU.Build.0 = Release|Any CPU
		{04379D9E-F94C-478B-991D-04C632CAF894}.Debug|Any CPU.ActiveCfg = Debug|Any CPU
		{04379D9E-F94C-478B-991D-04C632CAF894}.Debug|Any CPU.Build.0 = Debug|Any CPU
		{04379D9E-F94C-478B-991D-04C632CAF894}.Release|Any CPU.ActiveCfg = Release|Any CPU
		{04379D9E-F94C-478B-991D-04C632CAF894}.Release|Any CPU.Build.0 = Release|Any CPU
		{63A12F23-53DC-42FA-960E-4D830F51777F}.Debug|Any CPU.ActiveCfg = Debug|Any CPU
		{63A12F23-53DC-42FA-960E-4D830F51777F}.Debug|Any CPU.Build.0 = Debug|Any CPU
		{63A12F23-53DC-42FA-960E-4D830F51777F}.Release|Any CPU.ActiveCfg = Release|Any CPU
		{63A12F23-53DC-42FA-960E-4D830F51777F}.Release|Any CPU.Build.0 = Release|Any CPU
		{01DFC1D4-F6F0-411C-BA72-F1E3D7B2361F}.Debug|Any CPU.ActiveCfg = Debug|Any CPU
		{01DFC1D4-F6F0-411C-BA72-F1E3D7B2361F}.Debug|Any CPU.Build.0 = Debug|Any CPU
		{01DFC1D4-F6F0-411C-BA72-F1E3D7B2361F}.Release|Any CPU.ActiveCfg = Release|Any CPU
		{01DFC1D4-F6F0-411C-BA72-F1E3D7B2361F}.Release|Any CPU.Build.0 = Release|Any CPU
		{34EB9A29-F323-4CBF-9825-F8531F65124E}.Debug|Any CPU.ActiveCfg = Debug|Any CPU
		{34EB9A29-F323-4CBF-9825-F8531F65124E}.Debug|Any CPU.Build.0 = Debug|Any CPU
		{34EB9A29-F323-4CBF-9825-F8531F65124E}.Release|Any CPU.ActiveCfg = Release|Any CPU
		{34EB9A29-F323-4CBF-9825-F8531F65124E}.Release|Any CPU.Build.0 = Release|Any CPU
		{7FAC761A-4A36-459F-A10A-70A333583683}.Debug|Any CPU.ActiveCfg = Debug|Any CPU
		{7FAC761A-4A36-459F-A10A-70A333583683}.Debug|Any CPU.Build.0 = Debug|Any CPU
		{7FAC761A-4A36-459F-A10A-70A333583683}.Release|Any CPU.ActiveCfg = Release|Any CPU
		{7FAC761A-4A36-459F-A10A-70A333583683}.Release|Any CPU.Build.0 = Release|Any CPU
		{6DE8FF20-A57F-488D-9EF9-09C1EF19DF7D}.Debug|Any CPU.ActiveCfg = Debug|Any CPU
		{6DE8FF20-A57F-488D-9EF9-09C1EF19DF7D}.Debug|Any CPU.Build.0 = Debug|Any CPU
		{6DE8FF20-A57F-488D-9EF9-09C1EF19DF7D}.Release|Any CPU.ActiveCfg = Release|Any CPU
		{6DE8FF20-A57F-488D-9EF9-09C1EF19DF7D}.Release|Any CPU.Build.0 = Release|Any CPU
	EndGlobalSection
	GlobalSection(SolutionProperties) = preSolution
		HideSolutionNode = FALSE
	EndGlobalSection
	GlobalSection(NestedProjects) = preSolution
		{D11137C2-DDF3-4479-AB11-E316AAF7BDE8} = {08AD15E0-9FDA-451F-BF47-F2B578FF86B8}
		{386E6BC2-84D0-45B4-9036-6AB2485B9919} = {D11137C2-DDF3-4479-AB11-E316AAF7BDE8}
		{60CB2FB4-BA74-4C4F-BAC7-A40ACBF44C38} = {08AD15E0-9FDA-451F-BF47-F2B578FF86B8}
		{29DCDDBF-2280-4C1F-8775-CE24A9B32948} = {60CB2FB4-BA74-4C4F-BAC7-A40ACBF44C38}
		{2E3EFA53-3B58-4F25-8EDF-AF0231916272} = {08AD15E0-9FDA-451F-BF47-F2B578FF86B8}
		{5AF1900A-259F-40E8-82A8-64BA224CE402} = {2E3EFA53-3B58-4F25-8EDF-AF0231916272}
		{04379D9E-F94C-478B-991D-04C632CAF894} = {2E3EFA53-3B58-4F25-8EDF-AF0231916272}
		{CB1B30C2-9A89-447F-965D-9E86F7DEB8F7} = {08AD15E0-9FDA-451F-BF47-F2B578FF86B8}
		{63A12F23-53DC-42FA-960E-4D830F51777F} = {CB1B30C2-9A89-447F-965D-9E86F7DEB8F7}
		{01DFC1D4-F6F0-411C-BA72-F1E3D7B2361F} = {CB1B30C2-9A89-447F-965D-9E86F7DEB8F7}
		{34EB9A29-F323-4CBF-9825-F8531F65124E} = {CB1B30C2-9A89-447F-965D-9E86F7DEB8F7}
		{7FAC761A-4A36-459F-A10A-70A333583683} = {CB1B30C2-9A89-447F-965D-9E86F7DEB8F7}
		{6DE8FF20-A57F-488D-9EF9-09C1EF19DF7D} = {BE95D24B-46A3-4CF5-BC7F-1EFC1A75DFA5}
	EndGlobalSection
	GlobalSection(ExtensibilityGlobals) = postSolution
		SolutionGuid = {152CF835-2283-4AC3-991B-B6FB0DF94994}
	EndGlobalSection
EndGlobal
